github.com/BurntSushi/toml v0.3.0 h1:e1/Ivsx3Z0FVTV0NSOv/aVgbUWyQuzj7DDnFblkRvsY=
github.com/BurntSushi/toml v0.3.0/go.mod h1:xHWCNGjB5oqiDr8zfno3MHue2Ht5sIBksp03qcyfWMU=
github.com/Masterminds/semver v1.3.0 h1:7H8mLwaeisxNSFxW39uQ9UHGv7HOevcDtjFjgbPDE/4=
github.com/Masterminds/semver v1.3.0/go.mod h1:MB6lktGJrhw8PrUyiEoblNEGEQ+RzHPF078ddwwvV3Y=
github.com/davecgh/go-spew v1.1.1 h1:vj9j/u1bqnvCEfJOwUhtlOARqs3+rkHYY13jYWTU97c=
github.com/davecgh/go-spew v1.1.1/go.mod h1:J7Y8YcW2NihsgmVo/mv3lAwl/skON4iLHjSsI+c5H38=
github.com/ghodss/yaml v1.0.0 h1:wQHKEahhL6wmXdzwWG11gIVCkOv05bNOh+Rxn0yngAk=
github.com/ghodss/yaml v1.0.0/go.mod h1:4dBDuWmgqj2HViK6kFavaiC9ZROes6MMH2rRYeMEF04=
github.com/gobwas/glob v0.2.2 h1:czsC5u90AkrSujyGY0l7ST7QVLEPrdoMoXxRx/hXgq0=
github.com/gobwas/glob v0.2.2/go.mod h1:d3Ez4x06l9bZtSvzIay5+Yzi0fmZzPgnTbPcKjJAkT8=
github.com/golang/protobuf v0.0.0-20171113180720-1e59b77b52bf h1:pFr/u+m8QUBMW/itAczltF3guNRAL7XDs5tD3f6nSD0=
github.com/golang/protobuf v0.0.0-20171113180720-1e59b77b52bf/go.mod h1:6lQm79b+lXiMfvg/cZm0SGofjICqVBUtrP5yJMmIC1U=
github.com/inconshreveable/mousetrap v1.0.0 h1:Z8tu5sraLXCXIcARxBp/8cbvlwVa7Z1NHg9XEKhtSvM=
github.com/inconshreveable/mousetrap v1.0.0/go.mod h1:PxqpIevigyE2G7u3NXJIT2ANytuPF1OarO4DADm73n8=
github.com/pkg/errors v0.8.1-0.20171018195549-f15c970de5b7 h1:RcqIXZDN7Vz5lgK7+0h3MFF2JNgEu4h91palXJLJ354=
github.com/pkg/errors v0.8.1-0.20171018195549-f15c970de5b7/go.mod h1:bwawxfHBFNV+L2hUp1rHADufV3IMtnDRdf1r5NINEl0=
github.com/pmezard/go-difflib v1.0.0 h1:4DBwDE0NGyQoBHbLQYPwSUPoCMWR5BEzIk/f1lZbAQM=
github.com/pmezard/go-difflib v1.0.0/go.mod h1:iKH77koFhYxTK1pcRnkKkqfTogsbg7gZNVY4sRDYZ/4=
github.com/spf13/cobra v0.0.2-0.20171207074935-ccaecb155a21 h1:z+QkfT+gdGLLgWofH3ClxPgAV3NO2TO1bRVcmLYLhnI=
github.com/spf13/cobra v0.0.2-0.20171207074935-ccaecb155a21/go.mod h1:1l0Ry5zgKvJasoi3XT1TypsSe7PqH0Sj9dhYf7v3XqQ=
github.com/spf13/pflag v1.0.1-0.20171106142849-4c012f6dcd95 h1:j8jxLbQ0+T1DFggy6XoGvyUnrJWPR/JybflPvu5rwS4=
github.com/spf13/pflag v1.0.1-0.20171106142849-4c012f6dcd95/go.mod h1:DYY7MBk1bdzusC3SYhjObp+wFpr4gzcvqqNjLnInEg4=
github.com/stretchr/testify v1.1.4-0.20160221104443-1f4a1643a57e h1:4qDXrgFeUlF/B9aOKZBIn3JG+gF2YDlm9FOncBnm9k0=
github.com/stretchr/testify v1.1.4-0.20160221104443-1f4a1643a57e/go.mod h1:a8OnRcib4nhh0OaRAV+Yts87kKdq0PP7pXfy6kDkUVs=
golang.org/x/net v0.0.0-20180112015858-5ccada7d0a7b h1:Xu6Gf1IrU0c8CSJqWR43Bh8vb+Ft3jVIUahRiqL1oaI=
golang.org/x/net v0.0.0-20180112015858-5ccada7d0a7b/go.mod h1:mL1N/T3taQHkDXs73rZJwtUhF3w3ftmwwsq0BUmARs4=
golang.org/x/text v0.1.1-0.20171102192421-88f656faf3f3 h1:OxMYHd6bm+jH+TI7NBCb/CaYk6pMJnBC8GIzIi68Hk4=
golang.org/x/text v0.1.1-0.20171102192421-88f656faf3f3/go.mod h1:NqM8EUOU14njkJ3fqMW+pc6Ldnwhi/IjpwHt7yyuwOQ=
google.golang.org/genproto v0.0.0-20171212231943-a8101f21cf98 h1:bq8KADiS5rsNLj2z1fR64PoWuHKm+7+r+7rQhvBTVUg=
google.golang.org/genproto v0.0.0-20171212231943-a8101f21cf98/go.mod h1:JiN7NxoALGmiZfu7CAH4rXhgtRTLTxftemlI0sWmxmc=
google.golang.org/grpc v1.2.1-0.20180110182554-1cd234627e6f h1:RTO2DkMc+lJgfS5JB9YG9m8F06LibIdFs7ZAxYjsrDQ=
google.golang.org/grpc v1.2.1-0.20180110182554-1cd234627e6f/go.mod h1:yo6s7OP7yaDglbqo1J04qKzAhqBH6lvTonzMVmEdcZw=
gopkg.in/yaml.v2 v2.0.0-20180104195722-0e4404da7122 h1:SZqIK7cl+kTgWR0pJmEXSmltitRTJZ0fR2rwlRymaEM=
gopkg.in/yaml.v2 v2.0.0-20180104195722-0e4404da7122/go.mod h1:JAlM8MvJe8wmxCU4Bli9HhUf9+ttbYbLASfIpnQbh74=
k8s.io/apimachinery v0.0.0-20171027084411-18a564baac72 h1:pPbfmsjOvePqojmf5AhR0o7bxZTCxE0nkDakanV50CM=
k8s.io/apimachinery v0.0.0-20171027084411-18a564baac72/go.mod h1:ccL7Eh7zubPUSh9A3USN90/OzHNSVN6zxzde07TDCL0=
k8s.io/client-go v0.0.0-20180107194259-1b825e3a7863 h1:LjcvvsBQ8HHyKbxMYQ8N6cAF90d2aXE0csSegNXWZ/w=
k8s.io/client-go v0.0.0-20180107194259-1b825e3a7863/go.mod h1:7vJpHMYJwNQCWgzmNV+VYUl1zCObLyodBc8nIyt8L5s=
k8s.io/helm v2.8.0-rc.1.0.20180112204834-077be881c4cc+incompatible h1:9Bjd+CyYnEGRJJrD7Nq8d6Dss+Z4RowsIgsAxFeGccQ=
k8s.io/helm v2.8.0-rc.1.0.20180112204834-077be881c4cc+incompatible/go.mod h1:LZzlS4LQBHfciFOurYBFkCMTaZ0D1l+p0teMg7TSULI=
